
Microsoft Visual Studio Solution File, Format Version 12.00
# Visual Studio Version 17
VisualStudioVersion = 17.9.34723.18
MinimumVisualStudioVersion = 10.0.40219.1
Project("{FAE04EC0-301F-11D3-BF4B-00C04F79EFBC}") = "BarberInc", "BarberInc\BarberInc.csproj", "{C7433627-2184-449B-BC66-7C76BF5ABD01}"
EndProject
Global
	GlobalSection(SolutionConfigurationPlatforms) = preSolution
		Debug|Any CPU = Debug|Any CPU
		Release|Any CPU = Release|Any CPU
	EndGlobalSection
	GlobalSection(ProjectConfigurationPlatforms) = postSolution
		{C7433627-2184-449B-BC66-7C76BF5ABD01}.Debug|Any CPU.ActiveCfg = Debug|Any CPU
		{C7433627-2184-449B-BC66-7C76BF5ABD01}.Debug|Any CPU.Build.0 = Debug|Any CPU
		{C7433627-2184-449B-BC66-7C76BF5ABD01}.Release|Any CPU.ActiveCfg = Release|Any CPU
		{C7433627-2184-449B-BC66-7C76BF5ABD01}.Release|Any CPU.Build.0 = Release|Any CPU
	EndGlobalSection
	GlobalSection(SolutionProperties) = preSolution
		HideSolutionNode = FALSE
	EndGlobalSection
	GlobalSection(ExtensibilityGlobals) = postSolution
		SolutionGuid = {A37E67B5-2EA0-4A6E-A372-789F7358CAED}
	EndGlobalSection
EndGlobal
