
Microsoft Visual Studio Solution File, Format Version 12.00
# Visual Studio Version 17
VisualStudioVersion = 17.9.34723.18
MinimumVisualStudioVersion = 10.0.40219.1
Project("{9A19103F-16F7-4668-BE54-9A1E7A4F7556}") = "BarberInc", "BarberInc\BarberInc.csproj", "{C7433627-2184-449B-BC66-7C76BF5ABD01}"
EndProject
Project("{FAE04EC0-301F-11D3-BF4B-00C04F79EFBC}") = "EntityFramework", "EntityFramework\EntityFramework.csproj", "{D6F82DA4-BB5C-493C-B815-5914F81BBC76}"
EndProject
Project("{FAE04EC0-301F-11D3-BF4B-00C04F79EFBC}") = "Domain", "Domain\Domain.csproj", "{5DA59699-DFC9-484D-A383-A89D71CD2A6B}"
EndProject
Project("{FAE04EC0-301F-11D3-BF4B-00C04F79EFBC}") = "Services", "Services\Services.csproj", "{6D0E6C9B-0309-48D4-A7F8-D4EF150DE87E}"
EndProject
Global
	GlobalSection(SolutionConfigurationPlatforms) = preSolution
		Debug|Any CPU = Debug|Any CPU
		Release|Any CPU = Release|Any CPU
	EndGlobalSection
	GlobalSection(ProjectConfigurationPlatforms) = postSolution
		{C7433627-2184-449B-BC66-7C76BF5ABD01}.Debug|Any CPU.ActiveCfg = Debug|Any CPU
		{C7433627-2184-449B-BC66-7C76BF5ABD01}.Debug|Any CPU.Build.0 = Debug|Any CPU
		{C7433627-2184-449B-BC66-7C76BF5ABD01}.Release|Any CPU.ActiveCfg = Release|Any CPU
		{C7433627-2184-449B-BC66-7C76BF5ABD01}.Release|Any CPU.Build.0 = Release|Any CPU
		{D6F82DA4-BB5C-493C-B815-5914F81BBC76}.Debug|Any CPU.ActiveCfg = Debug|Any CPU
		{D6F82DA4-BB5C-493C-B815-5914F81BBC76}.Debug|Any CPU.Build.0 = Debug|Any CPU
		{D6F82DA4-BB5C-493C-B815-5914F81BBC76}.Release|Any CPU.ActiveCfg = Release|Any CPU
		{D6F82DA4-BB5C-493C-B815-5914F81BBC76}.Release|Any CPU.Build.0 = Release|Any CPU
		{5DA59699-DFC9-484D-A383-A89D71CD2A6B}.Debug|Any CPU.ActiveCfg = Debug|Any CPU
		{5DA59699-DFC9-484D-A383-A89D71CD2A6B}.Debug|Any CPU.Build.0 = Debug|Any CPU
		{5DA59699-DFC9-484D-A383-A89D71CD2A6B}.Release|Any CPU.ActiveCfg = Release|Any CPU
		{5DA59699-DFC9-484D-A383-A89D71CD2A6B}.Release|Any CPU.Build.0 = Release|Any CPU
		{6D0E6C9B-0309-48D4-A7F8-D4EF150DE87E}.Debug|Any CPU.ActiveCfg = Debug|Any CPU
		{6D0E6C9B-0309-48D4-A7F8-D4EF150DE87E}.Debug|Any CPU.Build.0 = Debug|Any CPU
		{6D0E6C9B-0309-48D4-A7F8-D4EF150DE87E}.Release|Any CPU.ActiveCfg = Release|Any CPU
		{6D0E6C9B-0309-48D4-A7F8-D4EF150DE87E}.Release|Any CPU.Build.0 = Release|Any CPU
	EndGlobalSection
	GlobalSection(SolutionProperties) = preSolution
		HideSolutionNode = FALSE
	EndGlobalSection
	GlobalSection(ExtensibilityGlobals) = postSolution
		SolutionGuid = {A37E67B5-2EA0-4A6E-A372-789F7358CAED}
	EndGlobalSection
EndGlobal
